
Microsoft Visual Studio Solution File, Format Version 12.00
# Visual Studio 15
VisualStudioVersion = 15.0.28010.2036
MinimumVisualStudioVersion = 10.0.40219.1
Project("{FAE04EC0-301F-11D3-BF4B-00C04F79EFBC}") = "BaiThi1", "BaiThi1\BaiThi1.csproj", "{EB191118-DE52-4E81-9F2B-A9D9DF05D83E}"
EndProject
Global
	GlobalSection(SolutionConfigurationPlatforms) = preSolution
		Debug|Any CPU = Debug|Any CPU
		Release|Any CPU = Release|Any CPU
	EndGlobalSection
	GlobalSection(ProjectConfigurationPlatforms) = postSolution
		{EB191118-DE52-4E81-9F2B-A9D9DF05D83E}.Debug|Any CPU.ActiveCfg = Debug|Any CPU
		{EB191118-DE52-4E81-9F2B-A9D9DF05D83E}.Debug|Any CPU.Build.0 = Debug|Any CPU
		{EB191118-DE52-4E81-9F2B-A9D9DF05D83E}.Release|Any CPU.ActiveCfg = Release|Any CPU
		{EB191118-DE52-4E81-9F2B-A9D9DF05D83E}.Release|Any CPU.Build.0 = Release|Any CPU
	EndGlobalSection
	GlobalSection(SolutionProperties) = preSolution
		HideSolutionNode = FALSE
	EndGlobalSection
	GlobalSection(ExtensibilityGlobals) = postSolution
		SolutionGuid = {F3D9B2DA-42C9-42D3-8406-05698D0C34E6}
	EndGlobalSection
EndGlobal
